# This file was autogenerated by Stack.
# You should not edit this file by hand.
# For more information, please see the documentation at:
#   https://docs.haskellstack.org/en/stable/lock_files

packages:
- completed:
    hackage: polysemy-1.4.0.0@sha256:0245a046eaf936557d4208b5a355df1a20799c9e274f91fa889ab2644ecbabae,6541
    pantry-tree:
      size: 4379
      sha256: babfd86f145bc6017f7b8c20e46266ab3a3bb5d5d415d8cf651036b11e57465a
  original:
    hackage: polysemy-1.4.0.0
- completed:
    hackage: polysemy-methodology-0.1.6.0@sha256:a6255c3048bc25be7a651ce99e2ccb67256f14e6ae748ad060832de02d897207,993
    pantry-tree:
      size: 287
      sha256: b496d3ce1bec8eae9e1253e3d26be94d8b774a57c3b3c20dbe72bf6db7720d41
  original:
    hackage: polysemy-methodology-0.1.6.0
- completed:
    hackage: Cabal-3.0.2.0@sha256:f45ee078a8529d1ad3993767345ac83304c7f2ff5eec02c455a1dc200ad22c67,26714
    pantry-tree:
      size: 40207
      sha256: 653461a4e58b10a6ef9d6ed5e07b1f8839ed46b4673133ecbe3899a48d6b983b
  original:
    hackage: Cabal-3.0.2.0
- completed:
    hackage: co-log-polysemy-0.0.1.2@sha256:a6ea6103f5ca806dc16bcdbb666ee2ebafdbbf36a9626f33103105a41a55d561,3645
    pantry-tree:
      size: 400
      sha256: 56ddcbaf126c9e557d7e1336c6d1a9044567676dcdbc24fab34907d9a5725f73
  original:
    hackage: co-log-polysemy-0.0.1.2
- completed:
    hackage: polysemy-plugin-0.2.5.2@sha256:649cea55749c38af841e9f3750ccf65be351e597f3085234e28e3491e78d1f78,3155
    pantry-tree:
      size: 1162
      sha256: 20b462f8095a8108ef4d920f0d494ba1299821403ad30169168f4b1968b06c2a
  original:
    hackage: polysemy-plugin-0.2.5.2
- completed:
    hackage: polysemy-zoo-0.7.0.1@sha256:60c2921df95f61d43222a75adde4f330e9510320b416132838a354cd81b4bcc5,3846
    pantry-tree:
      size: 2979
      sha256: af39e295a7831e6bca01fa78df6c538cb6f1dfb339d118056fd0d9c314925726
  original:
    hackage: polysemy-zoo-0.7.0.1
- completed:
    hackage: polysemy-vinyl-0.1.2.0@sha256:4a66b145c51015367a0eb7302bdb6062d5d0d114e53d5e84128fb9c25f7eae07,924
    pantry-tree:
      size: 272
      sha256: b0c3ba817d5dbfec0206200355321f29df4bead50c1e44db4d88712ff5c09ca4
  original:
    hackage: polysemy-vinyl-0.1.2.0
- completed:
    hackage: polysemy-extra-0.1.4.0@sha256:ea5994aeb82adf3afc9c7214a15646693f681bd147e1eb23ae334e8cc0087ec7,854
    pantry-tree:
      size: 274
      sha256: 60546575d5efb155d5040120b5009343a76b161897ee7ed6a858b9ce5f482474
  original:
    hackage: polysemy-extra-0.1.4.0
- completed:
    hackage: compact-0.2.0.0@sha256:9c5785bdc178ea6cf8f514ad35a78c64220e3cdb22216534e4cf496765551c7e,2345
    pantry-tree:
      size: 546
      sha256: 6f7da573fbcddc109e1521edc07f1b34d7506473a3930074453e829daf901d71
  original:
    hackage: compact-0.2.0.0
snapshots:
- completed:
    size: 548401
    url: https://raw.githubusercontent.com/commercialhaskell/stackage-snapshots/master/nightly/2020/11/11.yaml
    sha256: 5b70c782ca664138531e9dd18e71184fded3ddc9ff07b7149131a87b99fa8bec
  original: nightly-2020-11-11
